
Microsoft Visual Studio Solution File, Format Version 12.00
# Visual Studio 15
VisualStudioVersion = 15.0.27703.2000
MinimumVisualStudioVersion = 10.0.40219.1
Project("{FAE04EC0-301F-11D3-BF4B-00C04F79EFBC}") = "swap", "swap\swap.csproj", "{BB516FD3-5929-4DCA-89E7-1CF1DE1CBD50}"
EndProject
Global
	GlobalSection(SolutionConfigurationPlatforms) = preSolution
		Debug|Any CPU = Debug|Any CPU
		Release|Any CPU = Release|Any CPU
	EndGlobalSection
	GlobalSection(ProjectConfigurationPlatforms) = postSolution
		{BB516FD3-5929-4DCA-89E7-1CF1DE1CBD50}.Debug|Any CPU.ActiveCfg = Debug|Any CPU
		{BB516FD3-5929-4DCA-89E7-1CF1DE1CBD50}.Debug|Any CPU.Build.0 = Debug|Any CPU
		{BB516FD3-5929-4DCA-89E7-1CF1DE1CBD50}.Release|Any CPU.ActiveCfg = Release|Any CPU
		{BB516FD3-5929-4DCA-89E7-1CF1DE1CBD50}.Release|Any CPU.Build.0 = Release|Any CPU
	EndGlobalSection
	GlobalSection(SolutionProperties) = preSolution
		HideSolutionNode = FALSE
	EndGlobalSection
	GlobalSection(ExtensibilityGlobals) = postSolution
		SolutionGuid = {228B30F9-A408-4014-8FCA-015114EB6C3E}
	EndGlobalSection
EndGlobal
