
Microsoft Visual Studio Solution File, Format Version 12.00
# Visual Studio 15
VisualStudioVersion = 15.0.27703.2000
MinimumVisualStudioVersion = 10.0.40219.1
Project("{FAE04EC0-301F-11D3-BF4B-00C04F79EFBC}") = "drawChessTable", "drawChessTable\drawChessTable.csproj", "{10676DDC-BF34-4C97-8793-93A5CA8E5BA9}"
EndProject
Global
	GlobalSection(SolutionConfigurationPlatforms) = preSolution
		Debug|Any CPU = Debug|Any CPU
		Release|Any CPU = Release|Any CPU
	EndGlobalSection
	GlobalSection(ProjectConfigurationPlatforms) = postSolution
		{10676DDC-BF34-4C97-8793-93A5CA8E5BA9}.Debug|Any CPU.ActiveCfg = Debug|Any CPU
		{10676DDC-BF34-4C97-8793-93A5CA8E5BA9}.Debug|Any CPU.Build.0 = Debug|Any CPU
		{10676DDC-BF34-4C97-8793-93A5CA8E5BA9}.Release|Any CPU.ActiveCfg = Release|Any CPU
		{10676DDC-BF34-4C97-8793-93A5CA8E5BA9}.Release|Any CPU.Build.0 = Release|Any CPU
	EndGlobalSection
	GlobalSection(SolutionProperties) = preSolution
		HideSolutionNode = FALSE
	EndGlobalSection
	GlobalSection(ExtensibilityGlobals) = postSolution
		SolutionGuid = {9E0F8ECF-04FF-43A9-999E-34B6BD5A57BF}
	EndGlobalSection
EndGlobal
