
Microsoft Visual Studio Solution File, Format Version 12.00
# Visual Studio 15
VisualStudioVersion = 15.0.27703.2035
MinimumVisualStudioVersion = 10.0.40219.1
Project("{9A19103F-16F7-4668-BE54-9A1E7A4F7556}") = "Frontend", "Frontend\Frontend.csproj", "{E8707230-4D3A-4093-BD03-1A21E13ABE6F}"
EndProject
Project("{FAE04EC0-301F-11D3-BF4B-00C04F79EFBC}") = "FrontendTest", "FrontendTest\FrontendTest.csproj", "{E3F8C947-9C0C-4E35-977E-6EBA9317B6B9}"
	ProjectSection(ProjectDependencies) = postProject
		{E8707230-4D3A-4093-BD03-1A21E13ABE6F} = {E8707230-4D3A-4093-BD03-1A21E13ABE6F}
	EndProjectSection
EndProject
Global
	GlobalSection(SolutionConfigurationPlatforms) = preSolution
		Debug|Any CPU = Debug|Any CPU
		Release|Any CPU = Release|Any CPU
	EndGlobalSection
	GlobalSection(ProjectConfigurationPlatforms) = postSolution
		{E8707230-4D3A-4093-BD03-1A21E13ABE6F}.Debug|Any CPU.ActiveCfg = Debug|Any CPU
		{E8707230-4D3A-4093-BD03-1A21E13ABE6F}.Debug|Any CPU.Build.0 = Debug|Any CPU
		{E8707230-4D3A-4093-BD03-1A21E13ABE6F}.Release|Any CPU.ActiveCfg = Release|Any CPU
		{E8707230-4D3A-4093-BD03-1A21E13ABE6F}.Release|Any CPU.Build.0 = Release|Any CPU
		{E3F8C947-9C0C-4E35-977E-6EBA9317B6B9}.Debug|Any CPU.ActiveCfg = Debug|Any CPU
		{E3F8C947-9C0C-4E35-977E-6EBA9317B6B9}.Debug|Any CPU.Build.0 = Debug|Any CPU
		{E3F8C947-9C0C-4E35-977E-6EBA9317B6B9}.Release|Any CPU.ActiveCfg = Release|Any CPU
		{E3F8C947-9C0C-4E35-977E-6EBA9317B6B9}.Release|Any CPU.Build.0 = Release|Any CPU
	EndGlobalSection
	GlobalSection(SolutionProperties) = preSolution
		HideSolutionNode = FALSE
	EndGlobalSection
	GlobalSection(ExtensibilityGlobals) = postSolution
		SolutionGuid = {5E1FD509-1C69-4103-8D5B-FD31845C5C04}
	EndGlobalSection
EndGlobal
