
Microsoft Visual Studio Solution File, Format Version 12.00
# Visual Studio 15
VisualStudioVersion = 15.0.27703.2000
MinimumVisualStudioVersion = 10.0.40219.1
Project("{FAE04EC0-301F-11D3-BF4B-00C04F79EFBC}") = "basicInfo", "basicInfo\basicInfo.csproj", "{5E29E3A3-0DA2-4722-A497-C9220B537E5E}"
EndProject
Global
	GlobalSection(SolutionConfigurationPlatforms) = preSolution
		Debug|Any CPU = Debug|Any CPU
		Release|Any CPU = Release|Any CPU
	EndGlobalSection
	GlobalSection(ProjectConfigurationPlatforms) = postSolution
		{5E29E3A3-0DA2-4722-A497-C9220B537E5E}.Debug|Any CPU.ActiveCfg = Debug|Any CPU
		{5E29E3A3-0DA2-4722-A497-C9220B537E5E}.Debug|Any CPU.Build.0 = Debug|Any CPU
		{5E29E3A3-0DA2-4722-A497-C9220B537E5E}.Release|Any CPU.ActiveCfg = Release|Any CPU
		{5E29E3A3-0DA2-4722-A497-C9220B537E5E}.Release|Any CPU.Build.0 = Release|Any CPU
	EndGlobalSection
	GlobalSection(SolutionProperties) = preSolution
		HideSolutionNode = FALSE
	EndGlobalSection
	GlobalSection(ExtensibilityGlobals) = postSolution
		SolutionGuid = {793E38FC-797F-4B2A-BF0E-247E077F4891}
	EndGlobalSection
EndGlobal
