
Microsoft Visual Studio Solution File, Format Version 12.00
# Visual Studio 15
VisualStudioVersion = 15.0.27703.2000
MinimumVisualStudioVersion = 10.0.40219.1
Project("{FAE04EC0-301F-11D3-BF4B-00C04F79EFBC}") = "sharpie", "sharpie\sharpie.csproj", "{D7C83107-078A-44CB-862D-5C21A98B8931}"
EndProject
Global
	GlobalSection(SolutionConfigurationPlatforms) = preSolution
		Debug|Any CPU = Debug|Any CPU
		Release|Any CPU = Release|Any CPU
	EndGlobalSection
	GlobalSection(ProjectConfigurationPlatforms) = postSolution
		{D7C83107-078A-44CB-862D-5C21A98B8931}.Debug|Any CPU.ActiveCfg = Debug|Any CPU
		{D7C83107-078A-44CB-862D-5C21A98B8931}.Debug|Any CPU.Build.0 = Debug|Any CPU
		{D7C83107-078A-44CB-862D-5C21A98B8931}.Release|Any CPU.ActiveCfg = Release|Any CPU
		{D7C83107-078A-44CB-862D-5C21A98B8931}.Release|Any CPU.Build.0 = Release|Any CPU
	EndGlobalSection
	GlobalSection(SolutionProperties) = preSolution
		HideSolutionNode = FALSE
	EndGlobalSection
	GlobalSection(ExtensibilityGlobals) = postSolution
		SolutionGuid = {36A1B90D-73EC-40D3-8194-25D384AA0A8B}
	EndGlobalSection
EndGlobal
