
Microsoft Visual Studio Solution File, Format Version 12.00
# Visual Studio 15
VisualStudioVersion = 15.0.27703.2000
MinimumVisualStudioVersion = 10.0.40219.1
Project("{FAE04EC0-301F-11D3-BF4B-00C04F79EFBC}") = "Sum", "Sum\Sum.csproj", "{230427F5-D02B-4320-998F-752ECCE2B70E}"
EndProject
Project("{FAE04EC0-301F-11D3-BF4B-00C04F79EFBC}") = "TestEnviroment", "TestEnviroment\TestEnviroment.csproj", "{027A8829-0312-474A-8287-45D58840A285}"
EndProject
Global
	GlobalSection(SolutionConfigurationPlatforms) = preSolution
		Debug|Any CPU = Debug|Any CPU
		Release|Any CPU = Release|Any CPU
	EndGlobalSection
	GlobalSection(ProjectConfigurationPlatforms) = postSolution
		{230427F5-D02B-4320-998F-752ECCE2B70E}.Debug|Any CPU.ActiveCfg = Debug|Any CPU
		{230427F5-D02B-4320-998F-752ECCE2B70E}.Debug|Any CPU.Build.0 = Debug|Any CPU
		{230427F5-D02B-4320-998F-752ECCE2B70E}.Release|Any CPU.ActiveCfg = Release|Any CPU
		{230427F5-D02B-4320-998F-752ECCE2B70E}.Release|Any CPU.Build.0 = Release|Any CPU
		{027A8829-0312-474A-8287-45D58840A285}.Debug|Any CPU.ActiveCfg = Debug|Any CPU
		{027A8829-0312-474A-8287-45D58840A285}.Debug|Any CPU.Build.0 = Debug|Any CPU
		{027A8829-0312-474A-8287-45D58840A285}.Release|Any CPU.ActiveCfg = Release|Any CPU
		{027A8829-0312-474A-8287-45D58840A285}.Release|Any CPU.Build.0 = Release|Any CPU
	EndGlobalSection
	GlobalSection(SolutionProperties) = preSolution
		HideSolutionNode = FALSE
	EndGlobalSection
	GlobalSection(ExtensibilityGlobals) = postSolution
		SolutionGuid = {A48BA0CF-7B1C-4654-B315-9BD4488BBF3F}
	EndGlobalSection
EndGlobal
