
Microsoft Visual Studio Solution File, Format Version 12.00
# Visual Studio 15
VisualStudioVersion = 15.0.27703.2000
MinimumVisualStudioVersion = 10.0.40219.1
Project("{FAE04EC0-301F-11D3-BF4B-00C04F79EFBC}") = "Apples", "Apples\Apples.csproj", "{20115232-0D40-43BF-AC36-66282E10A782}"
EndProject
Project("{FAE04EC0-301F-11D3-BF4B-00C04F79EFBC}") = "TestEnviroment", "TestEnviroment\TestEnviroment.csproj", "{A3D660FC-9B49-4A6F-B037-A23703A0A493}"
EndProject
Global
	GlobalSection(SolutionConfigurationPlatforms) = preSolution
		Debug|Any CPU = Debug|Any CPU
		Release|Any CPU = Release|Any CPU
	EndGlobalSection
	GlobalSection(ProjectConfigurationPlatforms) = postSolution
		{20115232-0D40-43BF-AC36-66282E10A782}.Debug|Any CPU.ActiveCfg = Debug|Any CPU
		{20115232-0D40-43BF-AC36-66282E10A782}.Debug|Any CPU.Build.0 = Debug|Any CPU
		{20115232-0D40-43BF-AC36-66282E10A782}.Release|Any CPU.ActiveCfg = Release|Any CPU
		{20115232-0D40-43BF-AC36-66282E10A782}.Release|Any CPU.Build.0 = Release|Any CPU
		{A3D660FC-9B49-4A6F-B037-A23703A0A493}.Debug|Any CPU.ActiveCfg = Debug|Any CPU
		{A3D660FC-9B49-4A6F-B037-A23703A0A493}.Debug|Any CPU.Build.0 = Debug|Any CPU
		{A3D660FC-9B49-4A6F-B037-A23703A0A493}.Release|Any CPU.ActiveCfg = Release|Any CPU
		{A3D660FC-9B49-4A6F-B037-A23703A0A493}.Release|Any CPU.Build.0 = Release|Any CPU
	EndGlobalSection
	GlobalSection(SolutionProperties) = preSolution
		HideSolutionNode = FALSE
	EndGlobalSection
	GlobalSection(ExtensibilityGlobals) = postSolution
		SolutionGuid = {A805D8C7-346C-4849-8968-768F29EDB3FA}
	EndGlobalSection
EndGlobal
