
Microsoft Visual Studio Solution File, Format Version 12.00
# Visual Studio 15
VisualStudioVersion = 15.0.27703.2000
MinimumVisualStudioVersion = 10.0.40219.1
Project("{FAE04EC0-301F-11D3-BF4B-00C04F79EFBC}") = "iWontCheatOnTheExams", "iWontCheatOnTheExams\iWontCheatOnTheExams.csproj", "{445A863B-812D-4536-A38F-F0B124AC32CD}"
EndProject
Global
	GlobalSection(SolutionConfigurationPlatforms) = preSolution
		Debug|Any CPU = Debug|Any CPU
		Release|Any CPU = Release|Any CPU
	EndGlobalSection
	GlobalSection(ProjectConfigurationPlatforms) = postSolution
		{445A863B-812D-4536-A38F-F0B124AC32CD}.Debug|Any CPU.ActiveCfg = Debug|Any CPU
		{445A863B-812D-4536-A38F-F0B124AC32CD}.Debug|Any CPU.Build.0 = Debug|Any CPU
		{445A863B-812D-4536-A38F-F0B124AC32CD}.Release|Any CPU.ActiveCfg = Release|Any CPU
		{445A863B-812D-4536-A38F-F0B124AC32CD}.Release|Any CPU.Build.0 = Release|Any CPU
	EndGlobalSection
	GlobalSection(SolutionProperties) = preSolution
		HideSolutionNode = FALSE
	EndGlobalSection
	GlobalSection(ExtensibilityGlobals) = postSolution
		SolutionGuid = {B9AA2FFD-031E-4CA9-8C38-FBF1273AD0A8}
	EndGlobalSection
EndGlobal
