
Microsoft Visual Studio Solution File, Format Version 12.00
# Visual Studio 15
VisualStudioVersion = 15.0.27703.2000
MinimumVisualStudioVersion = 10.0.40219.1
Project("{FAE04EC0-301F-11D3-BF4B-00C04F79EFBC}") = "ConditionalVariableMutation", "ConditionalVariableMutation\ConditionalVariableMutation.csproj", "{A721BEE3-9B10-49BD-AB18-94C15E93DA9A}"
EndProject
Global
	GlobalSection(SolutionConfigurationPlatforms) = preSolution
		Debug|Any CPU = Debug|Any CPU
		Release|Any CPU = Release|Any CPU
	EndGlobalSection
	GlobalSection(ProjectConfigurationPlatforms) = postSolution
		{A721BEE3-9B10-49BD-AB18-94C15E93DA9A}.Debug|Any CPU.ActiveCfg = Debug|Any CPU
		{A721BEE3-9B10-49BD-AB18-94C15E93DA9A}.Debug|Any CPU.Build.0 = Debug|Any CPU
		{A721BEE3-9B10-49BD-AB18-94C15E93DA9A}.Release|Any CPU.ActiveCfg = Release|Any CPU
		{A721BEE3-9B10-49BD-AB18-94C15E93DA9A}.Release|Any CPU.Build.0 = Release|Any CPU
	EndGlobalSection
	GlobalSection(SolutionProperties) = preSolution
		HideSolutionNode = FALSE
	EndGlobalSection
	GlobalSection(ExtensibilityGlobals) = postSolution
		SolutionGuid = {24910CF6-11F3-4C4B-B274-E6BC4C75EFE0}
	EndGlobalSection
EndGlobal
