
Microsoft Visual Studio Solution File, Format Version 12.00
# Visual Studio 15
VisualStudioVersion = 15.0.27703.2000
MinimumVisualStudioVersion = 10.0.40219.1
Project("{FAE04EC0-301F-11D3-BF4B-00C04F79EFBC}") = "SubInt", "SubInt\SubInt.csproj", "{E15D228E-F7C7-4EF6-9821-8F8E5DCF27FE}"
EndProject
Global
	GlobalSection(SolutionConfigurationPlatforms) = preSolution
		Debug|Any CPU = Debug|Any CPU
		Release|Any CPU = Release|Any CPU
	EndGlobalSection
	GlobalSection(ProjectConfigurationPlatforms) = postSolution
		{E15D228E-F7C7-4EF6-9821-8F8E5DCF27FE}.Debug|Any CPU.ActiveCfg = Debug|Any CPU
		{E15D228E-F7C7-4EF6-9821-8F8E5DCF27FE}.Debug|Any CPU.Build.0 = Debug|Any CPU
		{E15D228E-F7C7-4EF6-9821-8F8E5DCF27FE}.Release|Any CPU.ActiveCfg = Release|Any CPU
		{E15D228E-F7C7-4EF6-9821-8F8E5DCF27FE}.Release|Any CPU.Build.0 = Release|Any CPU
	EndGlobalSection
	GlobalSection(SolutionProperties) = preSolution
		HideSolutionNode = FALSE
	EndGlobalSection
	GlobalSection(ExtensibilityGlobals) = postSolution
		SolutionGuid = {B78A6B26-3BFE-4F4B-B971-6F0CC449D8E1}
	EndGlobalSection
EndGlobal
