
Microsoft Visual Studio Solution File, Format Version 12.00
# Visual Studio 15
VisualStudioVersion = 15.0.27703.2000
MinimumVisualStudioVersion = 10.0.40219.1
Project("{FAE04EC0-301F-11D3-BF4B-00C04F79EFBC}") = "Day-04", "Day-04\Day-04.csproj", "{11CADCD8-96AF-44CF-9616-9779EC65E057}"
EndProject
Global
	GlobalSection(SolutionConfigurationPlatforms) = preSolution
		Debug|Any CPU = Debug|Any CPU
		Release|Any CPU = Release|Any CPU
	EndGlobalSection
	GlobalSection(ProjectConfigurationPlatforms) = postSolution
		{11CADCD8-96AF-44CF-9616-9779EC65E057}.Debug|Any CPU.ActiveCfg = Debug|Any CPU
		{11CADCD8-96AF-44CF-9616-9779EC65E057}.Debug|Any CPU.Build.0 = Debug|Any CPU
		{11CADCD8-96AF-44CF-9616-9779EC65E057}.Release|Any CPU.ActiveCfg = Release|Any CPU
		{11CADCD8-96AF-44CF-9616-9779EC65E057}.Release|Any CPU.Build.0 = Release|Any CPU
	EndGlobalSection
	GlobalSection(SolutionProperties) = preSolution
		HideSolutionNode = FALSE
	EndGlobalSection
	GlobalSection(ExtensibilityGlobals) = postSolution
		SolutionGuid = {EA4EB7E4-78E8-4B57-987A-AC4352F4EFBA}
	EndGlobalSection
EndGlobal
