
Microsoft Visual Studio Solution File, Format Version 12.00
# Visual Studio 15
VisualStudioVersion = 15.0.27703.2000
MinimumVisualStudioVersion = 10.0.40219.1
Project("{FAE04EC0-301F-11D3-BF4B-00C04F79EFBC}") = "summing", "summing\summing.csproj", "{DD34674B-9407-4C6C-8952-DE67A8DD4BAD}"
EndProject
Global
	GlobalSection(SolutionConfigurationPlatforms) = preSolution
		Debug|Any CPU = Debug|Any CPU
		Release|Any CPU = Release|Any CPU
	EndGlobalSection
	GlobalSection(ProjectConfigurationPlatforms) = postSolution
		{DD34674B-9407-4C6C-8952-DE67A8DD4BAD}.Debug|Any CPU.ActiveCfg = Debug|Any CPU
		{DD34674B-9407-4C6C-8952-DE67A8DD4BAD}.Debug|Any CPU.Build.0 = Debug|Any CPU
		{DD34674B-9407-4C6C-8952-DE67A8DD4BAD}.Release|Any CPU.ActiveCfg = Release|Any CPU
		{DD34674B-9407-4C6C-8952-DE67A8DD4BAD}.Release|Any CPU.Build.0 = Release|Any CPU
	EndGlobalSection
	GlobalSection(SolutionProperties) = preSolution
		HideSolutionNode = FALSE
	EndGlobalSection
	GlobalSection(ExtensibilityGlobals) = postSolution
		SolutionGuid = {B2B7092C-B795-4D1F-812A-2B74B3BA703F}
	EndGlobalSection
EndGlobal
