
Microsoft Visual Studio Solution File, Format Version 12.00
# Visual Studio 15
VisualStudioVersion = 15.0.27703.2000
MinimumVisualStudioVersion = 10.0.40219.1
Project("{FAE04EC0-301F-11D3-BF4B-00C04F79EFBC}") = "reverse", "reverse\reverse.csproj", "{0B086C27-0AC8-40FB-8453-4970E1B5C14E}"
EndProject
Global
	GlobalSection(SolutionConfigurationPlatforms) = preSolution
		Debug|Any CPU = Debug|Any CPU
		Release|Any CPU = Release|Any CPU
	EndGlobalSection
	GlobalSection(ProjectConfigurationPlatforms) = postSolution
		{0B086C27-0AC8-40FB-8453-4970E1B5C14E}.Debug|Any CPU.ActiveCfg = Debug|Any CPU
		{0B086C27-0AC8-40FB-8453-4970E1B5C14E}.Debug|Any CPU.Build.0 = Debug|Any CPU
		{0B086C27-0AC8-40FB-8453-4970E1B5C14E}.Release|Any CPU.ActiveCfg = Release|Any CPU
		{0B086C27-0AC8-40FB-8453-4970E1B5C14E}.Release|Any CPU.Build.0 = Release|Any CPU
	EndGlobalSection
	GlobalSection(SolutionProperties) = preSolution
		HideSolutionNode = FALSE
	EndGlobalSection
	GlobalSection(ExtensibilityGlobals) = postSolution
		SolutionGuid = {F95F6F4C-6AC8-414E-8822-BFF66259D74D}
	EndGlobalSection
EndGlobal
