
Microsoft Visual Studio Solution File, Format Version 12.00
# Visual Studio 15
VisualStudioVersion = 15.0.27703.2000
MinimumVisualStudioVersion = 10.0.40219.1
Project("{FAE04EC0-301F-11D3-BF4B-00C04F79EFBC}") = "candyShop", "candyShop\candyShop.csproj", "{32A3B9F8-75D8-474C-AEBD-12D024C25A77}"
EndProject
Global
	GlobalSection(SolutionConfigurationPlatforms) = preSolution
		Debug|Any CPU = Debug|Any CPU
		Release|Any CPU = Release|Any CPU
	EndGlobalSection
	GlobalSection(ProjectConfigurationPlatforms) = postSolution
		{32A3B9F8-75D8-474C-AEBD-12D024C25A77}.Debug|Any CPU.ActiveCfg = Debug|Any CPU
		{32A3B9F8-75D8-474C-AEBD-12D024C25A77}.Debug|Any CPU.Build.0 = Debug|Any CPU
		{32A3B9F8-75D8-474C-AEBD-12D024C25A77}.Release|Any CPU.ActiveCfg = Release|Any CPU
		{32A3B9F8-75D8-474C-AEBD-12D024C25A77}.Release|Any CPU.Build.0 = Release|Any CPU
	EndGlobalSection
	GlobalSection(SolutionProperties) = preSolution
		HideSolutionNode = FALSE
	EndGlobalSection
	GlobalSection(ExtensibilityGlobals) = postSolution
		SolutionGuid = {44485EE9-42FB-4302-8A79-EFEA4B23AB8C}
	EndGlobalSection
EndGlobal
