
Microsoft Visual Studio Solution File, Format Version 12.00
# Visual Studio 15
VisualStudioVersion = 15.0.27703.2035
MinimumVisualStudioVersion = 10.0.40219.1
Project("{FAE04EC0-301F-11D3-BF4B-00C04F79EFBC}") = "RedditApp", "RedditApp\RedditApp.csproj", "{414AAAF7-D25D-43C1-B2E3-357A657E7D55}"
EndProject
Global
	GlobalSection(SolutionConfigurationPlatforms) = preSolution
		Debug|Any CPU = Debug|Any CPU
		Release|Any CPU = Release|Any CPU
	EndGlobalSection
	GlobalSection(ProjectConfigurationPlatforms) = postSolution
		{414AAAF7-D25D-43C1-B2E3-357A657E7D55}.Debug|Any CPU.ActiveCfg = Debug|Any CPU
		{414AAAF7-D25D-43C1-B2E3-357A657E7D55}.Debug|Any CPU.Build.0 = Debug|Any CPU
		{414AAAF7-D25D-43C1-B2E3-357A657E7D55}.Release|Any CPU.ActiveCfg = Release|Any CPU
		{414AAAF7-D25D-43C1-B2E3-357A657E7D55}.Release|Any CPU.Build.0 = Release|Any CPU
	EndGlobalSection
	GlobalSection(SolutionProperties) = preSolution
		HideSolutionNode = FALSE
	EndGlobalSection
	GlobalSection(ExtensibilityGlobals) = postSolution
		SolutionGuid = {AA1F3071-E360-4FC6-B2F6-7BAE4C8CC97B}
	EndGlobalSection
EndGlobal
