
Microsoft Visual Studio Solution File, Format Version 12.00
# Visual Studio 15
VisualStudioVersion = 15.0.27703.2000
MinimumVisualStudioVersion = 10.0.40219.1
Project("{FAE04EC0-301F-11D3-BF4B-00C04F79EFBC}") = "sumDigit", "sumDigit\sumDigit.csproj", "{476259EE-682F-4760-BF9C-8A9E788BC45E}"
EndProject
Global
	GlobalSection(SolutionConfigurationPlatforms) = preSolution
		Debug|Any CPU = Debug|Any CPU
		Release|Any CPU = Release|Any CPU
	EndGlobalSection
	GlobalSection(ProjectConfigurationPlatforms) = postSolution
		{476259EE-682F-4760-BF9C-8A9E788BC45E}.Debug|Any CPU.ActiveCfg = Debug|Any CPU
		{476259EE-682F-4760-BF9C-8A9E788BC45E}.Debug|Any CPU.Build.0 = Debug|Any CPU
		{476259EE-682F-4760-BF9C-8A9E788BC45E}.Release|Any CPU.ActiveCfg = Release|Any CPU
		{476259EE-682F-4760-BF9C-8A9E788BC45E}.Release|Any CPU.Build.0 = Release|Any CPU
	EndGlobalSection
	GlobalSection(SolutionProperties) = preSolution
		HideSolutionNode = FALSE
	EndGlobalSection
	GlobalSection(ExtensibilityGlobals) = postSolution
		SolutionGuid = {E12CC43B-203D-43E8-B912-30A1F1052101}
	EndGlobalSection
EndGlobal
