
Microsoft Visual Studio Solution File, Format Version 12.00
# Visual Studio 15
VisualStudioVersion = 15.0.27703.2000
MinimumVisualStudioVersion = 10.0.40219.1
Project("{FAE04EC0-301F-11D3-BF4B-00C04F79EFBC}") = "printAll", "printAll\printAll.csproj", "{5E4F344E-4C4F-4E56-A273-4C7DAA4B5BD9}"
EndProject
Global
	GlobalSection(SolutionConfigurationPlatforms) = preSolution
		Debug|Any CPU = Debug|Any CPU
		Release|Any CPU = Release|Any CPU
	EndGlobalSection
	GlobalSection(ProjectConfigurationPlatforms) = postSolution
		{5E4F344E-4C4F-4E56-A273-4C7DAA4B5BD9}.Debug|Any CPU.ActiveCfg = Debug|Any CPU
		{5E4F344E-4C4F-4E56-A273-4C7DAA4B5BD9}.Debug|Any CPU.Build.0 = Debug|Any CPU
		{5E4F344E-4C4F-4E56-A273-4C7DAA4B5BD9}.Release|Any CPU.ActiveCfg = Release|Any CPU
		{5E4F344E-4C4F-4E56-A273-4C7DAA4B5BD9}.Release|Any CPU.Build.0 = Release|Any CPU
	EndGlobalSection
	GlobalSection(SolutionProperties) = preSolution
		HideSolutionNode = FALSE
	EndGlobalSection
	GlobalSection(ExtensibilityGlobals) = postSolution
		SolutionGuid = {316136ED-3C64-4CD3-B348-2FDB78BFE5ED}
	EndGlobalSection
EndGlobal
