
Microsoft Visual Studio Solution File, Format Version 12.00
# Visual Studio 15
VisualStudioVersion = 15.0.27703.2000
MinimumVisualStudioVersion = 10.0.40219.1
Project("{FAE04EC0-301F-11D3-BF4B-00C04F79EFBC}") = "GardenApp", "GardenApp\GardenApp.csproj", "{95147DB7-7269-4509-8127-BD2CA6D285A7}"
EndProject
Global
	GlobalSection(SolutionConfigurationPlatforms) = preSolution
		Debug|Any CPU = Debug|Any CPU
		Release|Any CPU = Release|Any CPU
	EndGlobalSection
	GlobalSection(ProjectConfigurationPlatforms) = postSolution
		{95147DB7-7269-4509-8127-BD2CA6D285A7}.Debug|Any CPU.ActiveCfg = Debug|Any CPU
		{95147DB7-7269-4509-8127-BD2CA6D285A7}.Debug|Any CPU.Build.0 = Debug|Any CPU
		{95147DB7-7269-4509-8127-BD2CA6D285A7}.Release|Any CPU.ActiveCfg = Release|Any CPU
		{95147DB7-7269-4509-8127-BD2CA6D285A7}.Release|Any CPU.Build.0 = Release|Any CPU
	EndGlobalSection
	GlobalSection(SolutionProperties) = preSolution
		HideSolutionNode = FALSE
	EndGlobalSection
	GlobalSection(ExtensibilityGlobals) = postSolution
		SolutionGuid = {68B63FD9-764A-4849-934A-EC5BCDC92DA2}
	EndGlobalSection
EndGlobal
