
Microsoft Visual Studio Solution File, Format Version 12.00
# Visual Studio 15
VisualStudioVersion = 15.0.27703.2000
MinimumVisualStudioVersion = 10.0.40219.1
Project("{FAE04EC0-301F-11D3-BF4B-00C04F79EFBC}") = "dominoes", "dominoes\dominoes.csproj", "{53054FFF-9095-4809-BBDE-9B8D725F98A5}"
EndProject
Global
	GlobalSection(SolutionConfigurationPlatforms) = preSolution
		Debug|Any CPU = Debug|Any CPU
		Release|Any CPU = Release|Any CPU
	EndGlobalSection
	GlobalSection(ProjectConfigurationPlatforms) = postSolution
		{53054FFF-9095-4809-BBDE-9B8D725F98A5}.Debug|Any CPU.ActiveCfg = Debug|Any CPU
		{53054FFF-9095-4809-BBDE-9B8D725F98A5}.Debug|Any CPU.Build.0 = Debug|Any CPU
		{53054FFF-9095-4809-BBDE-9B8D725F98A5}.Release|Any CPU.ActiveCfg = Release|Any CPU
		{53054FFF-9095-4809-BBDE-9B8D725F98A5}.Release|Any CPU.Build.0 = Release|Any CPU
	EndGlobalSection
	GlobalSection(SolutionProperties) = preSolution
		HideSolutionNode = FALSE
	EndGlobalSection
	GlobalSection(ExtensibilityGlobals) = postSolution
		SolutionGuid = {F24BD58F-D2CD-48E7-A742-D5E6A2F53D77}
	EndGlobalSection
EndGlobal
