
Microsoft Visual Studio Solution File, Format Version 12.00
# Visual Studio 15
VisualStudioVersion = 15.0.27703.2035
MinimumVisualStudioVersion = 10.0.40219.1
Project("{FAE04EC0-301F-11D3-BF4B-00C04F79EFBC}") = "Pirates", "Pirates\Pirates.csproj", "{B2D8D916-FDF2-4EED-8B0D-E143875B6C73}"
EndProject
Global
	GlobalSection(SolutionConfigurationPlatforms) = preSolution
		Debug|Any CPU = Debug|Any CPU
		Release|Any CPU = Release|Any CPU
	EndGlobalSection
	GlobalSection(ProjectConfigurationPlatforms) = postSolution
		{B2D8D916-FDF2-4EED-8B0D-E143875B6C73}.Debug|Any CPU.ActiveCfg = Debug|Any CPU
		{B2D8D916-FDF2-4EED-8B0D-E143875B6C73}.Debug|Any CPU.Build.0 = Debug|Any CPU
		{B2D8D916-FDF2-4EED-8B0D-E143875B6C73}.Release|Any CPU.ActiveCfg = Release|Any CPU
		{B2D8D916-FDF2-4EED-8B0D-E143875B6C73}.Release|Any CPU.Build.0 = Release|Any CPU
	EndGlobalSection
	GlobalSection(SolutionProperties) = preSolution
		HideSolutionNode = FALSE
	EndGlobalSection
	GlobalSection(ExtensibilityGlobals) = postSolution
		SolutionGuid = {6846110A-7BBD-448D-B755-7B50D6D6741B}
	EndGlobalSection
EndGlobal
